// !$*UTF8*$!
{
	archiveVersion = 1;
	classes = {
	};
	objectVersion = 50;
	objects = {

/* Begin PBXBuildFile section */
		7413F930245E8832009C5266 /* MasterViewController.m in Sources */ = {isa = PBXBuildFile; fileRef = 7413F92F245E8832009C5266 /* MasterViewController.m */; };
		7415B4132452E46A00E0566A /* AppDelegate.m in Sources */ = {isa = PBXBuildFile; fileRef = 7415B4122452E46A00E0566A /* AppDelegate.m */; };
		7415B4212452E46E00E0566A /* Assets.xcassets in Resources */ = {isa = PBXBuildFile; fileRef = 7415B4202452E46E00E0566A /* Assets.xcassets */; };
		7415B4242452E46E00E0566A /* LaunchScreen.storyboard in Resources */ = {isa = PBXBuildFile; fileRef = 7415B4222452E46E00E0566A /* LaunchScreen.storyboard */; };
		7415B4272452E46E00E0566A /* main.m in Sources */ = {isa = PBXBuildFile; fileRef = 7415B4262452E46E00E0566A /* main.m */; };
		7415B42F2452EFF600E0566A /* BirdSighting.m in Sources */ = {isa = PBXBuildFile; fileRef = 7415B42E2452EFF600E0566A /* BirdSighting.m */; };
		7415B4322453001300E0566A /* BirdSightingDataController.m in Sources */ = {isa = PBXBuildFile; fileRef = 7415B4312453001300E0566A /* BirdSightingDataController.m */; };
		741B8D69245C3F6A007AB1AC /* AddViewController.m in Sources */ = {isa = PBXBuildFile; fileRef = 741B8D68245C3F6A007AB1AC /* AddViewController.m */; };
		7444C68A2461112900224185 /* MainViewController.m in Sources */ = {isa = PBXBuildFile; fileRef = 7444C6892461112900224185 /* MainViewController.m */; };
		74748953245ECC35007249C1 /* DetailViewController.m in Sources */ = {isa = PBXBuildFile; fileRef = 74748952245ECC35007249C1 /* DetailViewController.m */; };
		74AADA8A24602C7800F79642 /* AddCell.m in Sources */ = {isa = PBXBuildFile; fileRef = 74AADA8924602C7800F79642 /* AddCell.m */; };
		EA2ACB5E2FF8E86BC0C87129 /* libPods-Score.a in Frameworks */ = {isa = PBXBuildFile; fileRef = 3AED506A13206F80B5C6BEE5 /* libPods-Score.a */; };
/* End PBXBuildFile section */

/* Begin PBXFileReference section */
		3AED506A13206F80B5C6BEE5 /* libPods-Score.a */ = {isa = PBXFileReference; explicitFileType = archive.ar; includeInIndex = 0; path = "libPods-Score.a"; sourceTree = BUILT_PRODUCTS_DIR; };
		7413F92E245E8832009C5266 /* MasterViewController.h */ = {isa = PBXFileReference; lastKnownFileType = sourcecode.c.h; path = MasterViewController.h; sourceTree = "<group>"; };
		7413F92F245E8832009C5266 /* MasterViewController.m */ = {isa = PBXFileReference; lastKnownFileType = sourcecode.c.objc; path = MasterViewController.m; sourceTree = "<group>"; };
		7415B40E2452E46A00E0566A /* Score.app */ = {isa = PBXFileReference; explicitFileType = wrapper.application; includeInIndex = 0; path = Score.app; sourceTree = BUILT_PRODUCTS_DIR; };
		7415B4112452E46A00E0566A /* AppDelegate.h */ = {isa = PBXFileReference; lastKnownFileType = sourcecode.c.h; path = AppDelegate.h; sourceTree = "<group>"; };
		7415B4122452E46A00E0566A /* AppDelegate.m */ = {isa = PBXFileReference; lastKnownFileType = sourcecode.c.objc; path = AppDelegate.m; sourceTree = "<group>"; };
		7415B4202452E46E00E0566A /* Assets.xcassets */ = {isa = PBXFileReference; lastKnownFileType = folder.assetcatalog; path = Assets.xcassets; sourceTree = "<group>"; };
		7415B4232452E46E00E0566A /* Base */ = {isa = PBXFileReference; lastKnownFileType = file.storyboard; name = Base; path = Base.lproj/LaunchScreen.storyboard; sourceTree = "<group>"; };
		7415B4252452E46E00E0566A /* Info.plist */ = {isa = PBXFileReference; lastKnownFileType = text.plist.xml; path = Info.plist; sourceTree = "<group>"; };
		7415B4262452E46E00E0566A /* main.m */ = {isa = PBXFileReference; lastKnownFileType = sourcecode.c.objc; path = main.m; sourceTree = "<group>"; };
		7415B42D2452EFF600E0566A /* BirdSighting.h */ = {isa = PBXFileReference; lastKnownFileType = sourcecode.c.h; path = BirdSighting.h; sourceTree = "<group>"; };
		7415B42E2452EFF600E0566A /* BirdSighting.m */ = {isa = PBXFileReference; lastKnownFileType = sourcecode.c.objc; path = BirdSighting.m; sourceTree = "<group>"; };
		7415B4302453001300E0566A /* BirdSightingDataController.h */ = {isa = PBXFileReference; lastKnownFileType = sourcecode.c.h; path = BirdSightingDataController.h; sourceTree = "<group>"; };
		7415B4312453001300E0566A /* BirdSightingDataController.m */ = {isa = PBXFileReference; lastKnownFileType = sourcecode.c.objc; path = BirdSightingDataController.m; sourceTree = "<group>"; };
		741B8D67245C3F6A007AB1AC /* AddViewController.h */ = {isa = PBXFileReference; lastKnownFileType = sourcecode.c.h; path = AddViewController.h; sourceTree = "<group>"; };
		741B8D68245C3F6A007AB1AC /* AddViewController.m */ = {isa = PBXFileReference; lastKnownFileType = sourcecode.c.objc; path = AddViewController.m; sourceTree = "<group>"; };
		7444C6882461112900224185 /* MainViewController.h */ = {isa = PBXFileReference; lastKnownFileType = sourcecode.c.h; path = MainViewController.h; sourceTree = "<group>"; };
		7444C6892461112900224185 /* MainViewController.m */ = {isa = PBXFileReference; lastKnownFileType = sourcecode.c.objc; path = MainViewController.m; sourceTree = "<group>"; };
		74748951245ECC35007249C1 /* DetailViewController.h */ = {isa = PBXFileReference; lastKnownFileType = sourcecode.c.h; path = DetailViewController.h; sourceTree = "<group>"; };
		74748952245ECC35007249C1 /* DetailViewController.m */ = {isa = PBXFileReference; lastKnownFileType = sourcecode.c.objc; path = DetailViewController.m; sourceTree = "<group>"; };
		74AADA8824602C7800F79642 /* AddCell.h */ = {isa = PBXFileReference; lastKnownFileType = sourcecode.c.h; path = AddCell.h; sourceTree = "<group>"; };
		74AADA8924602C7800F79642 /* AddCell.m */ = {isa = PBXFileReference; lastKnownFileType = sourcecode.c.objc; path = AddCell.m; sourceTree = "<group>"; };
		B3A50787282470237BC201C8 /* Pods-Score.debug.xcconfig */ = {isa = PBXFileReference; includeInIndex = 1; lastKnownFileType = text.xcconfig; name = "Pods-Score.debug.xcconfig"; path = "Target Support Files/Pods-Score/Pods-Score.debug.xcconfig"; sourceTree = "<group>"; };
		F3CA3294AB86F5842ED60C75 /* Pods-Score.release.xcconfig */ = {isa = PBXFileReference; includeInIndex = 1; lastKnownFileType = text.xcconfig; name = "Pods-Score.release.xcconfig"; path = "Target Support Files/Pods-Score/Pods-Score.release.xcconfig"; sourceTree = "<group>"; };
/* End PBXFileReference section */

/* Begin PBXFrameworksBuildPhase section */
		7415B40B2452E46A00E0566A /* Frameworks */ = {
			isa = PBXFrameworksBuildPhase;
			buildActionMask = 2147483647;
			files = (
				EA2ACB5E2FF8E86BC0C87129 /* libPods-Score.a in Frameworks */,
			);
			runOnlyForDeploymentPostprocessing = 0;
		};
/* End PBXFrameworksBuildPhase section */

/* Begin PBXGroup section */
		34FF387C28057A1E3A18B575 /* Frameworks */ = {
			isa = PBXGroup;
			children = (
				3AED506A13206F80B5C6BEE5 /* libPods-Score.a */,
			);
			name = Frameworks;
			sourceTree = "<group>";
		};
		350214067821882F34E70B48 /* Pods */ = {
			isa = PBXGroup;
			children = (
				B3A50787282470237BC201C8 /* Pods-Score.debug.xcconfig */,
				F3CA3294AB86F5842ED60C75 /* Pods-Score.release.xcconfig */,
			);
			path = Pods;
			sourceTree = "<group>";
		};
		7415B4052452E46A00E0566A = {
			isa = PBXGroup;
			children = (
				7415B4102452E46A00E0566A /* Score */,
				7415B40F2452E46A00E0566A /* Products */,
				350214067821882F34E70B48 /* Pods */,
				34FF387C28057A1E3A18B575 /* Frameworks */,
			);
			sourceTree = "<group>";
		};
		7415B40F2452E46A00E0566A /* Products */ = {
			isa = PBXGroup;
			children = (
				7415B40E2452E46A00E0566A /* Score.app */,
			);
			name = Products;
			sourceTree = "<group>";
		};
		7415B4102452E46A00E0566A /* Score */ = {
			isa = PBXGroup;
			children = (
				7444C6882461112900224185 /* MainViewController.h */,
				7444C6892461112900224185 /* MainViewController.m */,
				7413F92E245E8832009C5266 /* MasterViewController.h */,
				7413F92F245E8832009C5266 /* MasterViewController.m */,
				74748951245ECC35007249C1 /* DetailViewController.h */,
				74748952245ECC35007249C1 /* DetailViewController.m */,
				741B8D67245C3F6A007AB1AC /* AddViewController.h */,
				741B8D68245C3F6A007AB1AC /* AddViewController.m */,
				74AADA8824602C7800F79642 /* AddCell.h */,
				74AADA8924602C7800F79642 /* AddCell.m */,
				7415B42D2452EFF600E0566A /* BirdSighting.h */,
				7415B42E2452EFF600E0566A /* BirdSighting.m */,
				7415B4302453001300E0566A /* BirdSightingDataController.h */,
				7415B4312453001300E0566A /* BirdSightingDataController.m */,
				7415B4112452E46A00E0566A /* AppDelegate.h */,
				7415B4122452E46A00E0566A /* AppDelegate.m */,
				7415B4202452E46E00E0566A /* Assets.xcassets */,
				7415B4222452E46E00E0566A /* LaunchScreen.storyboard */,
				7415B4252452E46E00E0566A /* Info.plist */,
				7415B4262452E46E00E0566A /* main.m */,
			);
			path = Score;
			sourceTree = "<group>";
		};
/* End PBXGroup section */

/* Begin PBXNativeTarget section */
		7415B40D2452E46A00E0566A /* Score */ = {
			isa = PBXNativeTarget;
			buildConfigurationList = 7415B42A2452E46E00E0566A /* Build configuration list for PBXNativeTarget "Score" */;
			buildPhases = (
				840AAAABE231C8939FFDFF3C /* [CP] Check Pods Manifest.lock */,
				7415B40A2452E46A00E0566A /* Sources */,
				7415B40B2452E46A00E0566A /* Frameworks */,
				7415B40C2452E46A00E0566A /* Resources */,
			);
			buildRules = (
			);
			dependencies = (
			);
			name = Score;
			productName = Score;
			productReference = 7415B40E2452E46A00E0566A /* Score.app */;
			productType = "com.apple.product-type.application";
		};
/* End PBXNativeTarget section */

/* Begin PBXProject section */
		7415B4062452E46A00E0566A /* Project object */ = {
			isa = PBXProject;
			attributes = {
				LastUpgradeCheck = 1140;
				ORGANIZATIONNAME = "Ji ZHANG";
				TargetAttributes = {
					7415B40D2452E46A00E0566A = {
						CreatedOnToolsVersion = 11.4.1;
					};
				};
			};
			buildConfigurationList = 7415B4092452E46A00E0566A /* Build configuration list for PBXProject "Score" */;
			compatibilityVersion = "Xcode 9.3";
			developmentRegion = en;
			hasScannedForEncodings = 0;
			knownRegions = (
				en,
				Base,
			);
			mainGroup = 7415B4052452E46A00E0566A;
			productRefGroup = 7415B40F2452E46A00E0566A /* Products */;
			projectDirPath = "";
			projectRoot = "";
			targets = (
				7415B40D2452E46A00E0566A /* Score */,
			);
		};
/* End PBXProject section */

/* Begin PBXResourcesBuildPhase section */
		7415B40C2452E46A00E0566A /* Resources */ = {
			isa = PBXResourcesBuildPhase;
			buildActionMask = 2147483647;
			files = (
				7415B4242452E46E00E0566A /* LaunchScreen.storyboard in Resources */,
				7415B4212452E46E00E0566A /* Assets.xcassets in Resources */,
			);
			runOnlyForDeploymentPostprocessing = 0;
		};
/* End PBXResourcesBuildPhase section */

/* Begin PBXShellScriptBuildPhase section */
		840AAAABE231C8939FFDFF3C /* [CP] Check Pods Manifest.lock */ = {
			isa = PBXShellScriptBuildPhase;
			buildActionMask = 2147483647;
			files = (
			);
			inputFileListPaths = (
			);
			inputPaths = (
				"${PODS_PODFILE_DIR_PATH}/Podfile.lock",
				"${PODS_ROOT}/Manifest.lock",
			);
			name = "[CP] Check Pods Manifest.lock";
			outputFileListPaths = (
			);
			outputPaths = (
				"$(DERIVED_FILE_DIR)/Pods-Score-checkManifestLockResult.txt",
			);
			runOnlyForDeploymentPostprocessing = 0;
			shellPath = /bin/sh;
			shellScript = "diff \"${PODS_PODFILE_DIR_PATH}/Podfile.lock\" \"${PODS_ROOT}/Manifest.lock\" > /dev/null\nif [ $? != 0 ] ; then\n    # print error to STDERR\n    echo \"error: The sandbox is not in sync with the Podfile.lock. Run 'pod install' or update your CocoaPods installation.\" >&2\n    exit 1\nfi\n# This output is used by Xcode 'outputs' to avoid re-running this script phase.\necho \"SUCCESS\" > \"${SCRIPT_OUTPUT_FILE_0}\"\n";
			showEnvVarsInLog = 0;
		};
/* End PBXShellScriptBuildPhase section */

/* Begin PBXSourcesBuildPhase section */
		7415B40A2452E46A00E0566A /* Sources */ = {
			isa = PBXSourcesBuildPhase;
			buildActionMask = 2147483647;
			files = (
				7415B4272452E46E00E0566A /* main.m in Sources */,
				7415B4132452E46A00E0566A /* AppDelegate.m in Sources */,
				7413F930245E8832009C5266 /* MasterViewController.m in Sources */,
				741B8D69245C3F6A007AB1AC /* AddViewController.m in Sources */,
				7444C68A2461112900224185 /* MainViewController.m in Sources */,
				7415B42F2452EFF600E0566A /* BirdSighting.m in Sources */,
				74AADA8A24602C7800F79642 /* AddCell.m in Sources */,
				74748953245ECC35007249C1 /* DetailViewController.m in Sources */,
				7415B4322453001300E0566A /* BirdSightingDataController.m in Sources */,
			);
			runOnlyForDeploymentPostprocessing = 0;
		};
/* End PBXSourcesBuildPhase section */

/* Begin PBXVariantGroup section */
		7415B4222452E46E00E0566A /* LaunchScreen.storyboard */ = {
			isa = PBXVariantGroup;
			children = (
				7415B4232452E46E00E0566A /* Base */,
			);
			name = LaunchScreen.storyboard;
			sourceTree = "<group>";
		};
/* End PBXVariantGroup section */

/* Begin XCBuildConfiguration section */
		7415B4282452E46E00E0566A /* Debug */ = {
			isa = XCBuildConfiguration;
			buildSettings = {
				ALWAYS_SEARCH_USER_PATHS = NO;
				CLANG_ANALYZER_NONNULL = YES;
				CLANG_ANALYZER_NUMBER_OBJECT_CONVERSION = YES_AGGRESSIVE;
				CLANG_CXX_LANGUAGE_STANDARD = "gnu++14";
				CLANG_CXX_LIBRARY = "libc++";
				CLANG_ENABLE_MODULES = YES;
				CLANG_ENABLE_OBJC_ARC = YES;
				CLANG_ENABLE_OBJC_WEAK = YES;
				CLANG_WARN_BLOCK_CAPTURE_AUTORELEASING = YES;
				CLANG_WARN_BOOL_CONVERSION = YES;
				CLANG_WARN_COMMA = YES;
				CLANG_WARN_CONSTANT_CONVERSION = YES;
				CLANG_WARN_DEPRECATED_OBJC_IMPLEMENTATIONS = YES;
				CLANG_WARN_DIRECT_OBJC_ISA_USAGE = YES_ERROR;
				CLANG_WARN_DOCUMENTATION_COMMENTS = YES;
				CLANG_WARN_EMPTY_BODY = YES;
				CLANG_WARN_ENUM_CONVERSION = YES;
				CLANG_WARN_INFINITE_RECURSION = YES;
				CLANG_WARN_INT_CONVERSION = YES;
				CLANG_WARN_NON_LITERAL_NULL_CONVERSION = YES;
				CLANG_WARN_OBJC_IMPLICIT_RETAIN_SELF = YES;
				CLANG_WARN_OBJC_LITERAL_CONVERSION = YES;
				CLANG_WARN_OBJC_ROOT_CLASS = YES_ERROR;
				CLANG_WARN_RANGE_LOOP_ANALYSIS = YES;
				CLANG_WARN_STRICT_PROTOTYPES = YES;
				CLANG_WARN_SUSPICIOUS_MOVE = YES;
				CLANG_WARN_UNGUARDED_AVAILABILITY = YES_AGGRESSIVE;
				CLANG_WARN_UNREACHABLE_CODE = YES;
				CLANG_WARN__DUPLICATE_METHOD_MATCH = YES;
				COPY_PHASE_STRIP = NO;
				DEBUG_INFORMATION_FORMAT = dwarf;
				ENABLE_STRICT_OBJC_MSGSEND = YES;
				ENABLE_TESTABILITY = YES;
				GCC_C_LANGUAGE_STANDARD = gnu11;
				GCC_DYNAMIC_NO_PIC = NO;
				GCC_NO_COMMON_BLOCKS = YES;
				GCC_OPTIMIZATION_LEVEL = 0;
				GCC_PREPROCESSOR_DEFINITIONS = (
					"DEBUG=1",
					"$(inherited)",
				);
				GCC_WARN_64_TO_32_BIT_CONVERSION = YES;
				GCC_WARN_ABOUT_RETURN_TYPE = YES_ERROR;
				GCC_WARN_UNDECLARED_SELECTOR = YES;
				GCC_WARN_UNINITIALIZED_AUTOS = YES_AGGRESSIVE;
				GCC_WARN_UNUSED_FUNCTION = YES;
				GCC_WARN_UNUSED_VARIABLE = YES;
				IPHONEOS_DEPLOYMENT_TARGET = 9.0;
				MTL_ENABLE_DEBUG_INFO = INCLUDE_SOURCE;
				MTL_FAST_MATH = YES;
				ONLY_ACTIVE_ARCH = YES;
				SDKROOT = iphoneos;
			};
			name = Debug;
		};
		7415B4292452E46E00E0566A /* Release */ = {
			isa = XCBuildConfiguration;
			buildSettings = {
				ALWAYS_SEARCH_USER_PATHS = NO;
				CLANG_ANALYZER_NONNULL = YES;
				CLANG_ANALYZER_NUMBER_OBJECT_CONVERSION = YES_AGGRESSIVE;
				CLANG_CXX_LANGUAGE_STANDARD = "gnu++14";
				CLANG_CXX_LIBRARY = "libc++";
				CLANG_ENABLE_MODULES = YES;
				CLANG_ENABLE_OBJC_ARC = YES;
				CLANG_ENABLE_OBJC_WEAK = YES;
				CLANG_WARN_BLOCK_CAPTURE_AUTORELEASING = YES;
				CLANG_WARN_BOOL_CONVERSION = YES;
				CLANG_WARN_COMMA = YES;
				CLANG_WARN_CONSTANT_CONVERSION = YES;
				CLANG_WARN_DEPRECATED_OBJC_IMPLEMENTATIONS = YES;
				CLANG_WARN_DIRECT_OBJC_ISA_USAGE = YES_ERROR;
				CLANG_WARN_DOCUMENTATION_COMMENTS = YES;
				CLANG_WARN_EMPTY_BODY = YES;
				CLANG_WARN_ENUM_CONVERSION = YES;
				CLANG_WARN_INFINITE_RECURSION = YES;
				CLANG_WARN_INT_CONVERSION = YES;
				CLANG_WARN_NON_LITERAL_NULL_CONVERSION = YES;
				CLANG_WARN_OBJC_IMPLICIT_RETAIN_SELF = YES;
				CLANG_WARN_OBJC_LITERAL_CONVERSION = YES;
				CLANG_WARN_OBJC_ROOT_CLASS = YES_ERROR;
				CLANG_WARN_RANGE_LOOP_ANALYSIS = YES;
				CLANG_WARN_STRICT_PROTOTYPES = YES;
				CLANG_WARN_SUSPICIOUS_MOVE = YES;
				CLANG_WARN_UNGUARDED_AVAILABILITY = YES_AGGRESSIVE;
				CLANG_WARN_UNREACHABLE_CODE = YES;
				CLANG_WARN__DUPLICATE_METHOD_MATCH = YES;
				COPY_PHASE_STRIP = NO;
				DEBUG_INFORMATION_FORMAT = "dwarf-with-dsym";
				ENABLE_NS_ASSERTIONS = NO;
				ENABLE_STRICT_OBJC_MSGSEND = YES;
				GCC_C_LANGUAGE_STANDARD = gnu11;
				GCC_NO_COMMON_BLOCKS = YES;
				GCC_WARN_64_TO_32_BIT_CONVERSION = YES;
				GCC_WARN_ABOUT_RETURN_TYPE = YES_ERROR;
				GCC_WARN_UNDECLARED_SELECTOR = YES;
				GCC_WARN_UNINITIALIZED_AUTOS = YES_AGGRESSIVE;
				GCC_WARN_UNUSED_FUNCTION = YES;
				GCC_WARN_UNUSED_VARIABLE = YES;
				IPHONEOS_DEPLOYMENT_TARGET = 9.0;
				MTL_ENABLE_DEBUG_INFO = NO;
				MTL_FAST_MATH = YES;
				SDKROOT = iphoneos;
				VALIDATE_PRODUCT = YES;
			};
			name = Release;
		};
		7415B42B2452E46E00E0566A /* Debug */ = {
			isa = XCBuildConfiguration;
			baseConfigurationReference = B3A50787282470237BC201C8 /* Pods-Score.debug.xcconfig */;
			buildSettings = {
				ASSETCATALOG_COMPILER_APPICON_NAME = AppIcon;
				CODE_SIGN_STYLE = Automatic;
				DEVELOPMENT_TEAM = Z7JS2V9SDD;
				INFOPLIST_FILE = Score/Info.plist;
				LD_RUNPATH_SEARCH_PATHS = (
					"$(inherited)",
					"@executable_path/Frameworks",
				);
				PRODUCT_BUNDLE_IDENTIFIER = com.shzhangji.Score;
				PRODUCT_NAME = "$(TARGET_NAME)";
				TARGETED_DEVICE_FAMILY = "1,2";
			};
			name = Debug;
		};
		7415B42C2452E46E00E0566A /* Release */ = {
			isa = XCBuildConfiguration;
			baseConfigurationReference = F3CA3294AB86F5842ED60C75 /* Pods-Score.release.xcconfig */;
			buildSettings = {
				ASSETCATALOG_COMPILER_APPICON_NAME = AppIcon;
				CODE_SIGN_STYLE = Automatic;
				DEVELOPMENT_TEAM = Z7JS2V9SDD;
				INFOPLIST_FILE = Score/Info.plist;
				LD_RUNPATH_SEARCH_PATHS = (
					"$(inherited)",
					"@executable_path/Frameworks",
				);
				PRODUCT_BUNDLE_IDENTIFIER = com.shzhangji.Score;
				PRODUCT_NAME = "$(TARGET_NAME)";
				TARGETED_DEVICE_FAMILY = "1,2";
			};
			name = Release;
		};
/* End XCBuildConfiguration section */

/* Begin XCConfigurationList section */
		7415B4092452E46A00E0566A /* Build configuration list for PBXProject "Score" */ = {
			isa = XCConfigurationList;
			buildConfigurations = (
				7415B4282452E46E00E0566A /* Debug */,
				7415B4292452E46E00E0566A /* Release */,
			);
			defaultConfigurationIsVisible = 0;
			defaultConfigurationName = Release;
		};
		7415B42A2452E46E00E0566A /* Build configuration list for PBXNativeTarget "Score" */ = {
			isa = XCConfigurationList;
			buildConfigurations = (
				7415B42B2452E46E00E0566A /* Debug */,
				7415B42C2452E46E00E0566A /* Release */,
			);
			defaultConfigurationIsVisible = 0;
			defaultConfigurationName = Release;
		};
/* End XCConfigurationList section */
	};
	rootObject = 7415B4062452E46A00E0566A /* Project object */;
}
